
Microsoft Visual Studio Solution File, Format Version 12.00
# Visual Studio Version 16
VisualStudioVersion = 16.0.30413.136
MinimumVisualStudioVersion = 10.0.40219.1
Project("{9A19103F-16F7-4668-BE54-9A1E7A4F7556}") = "Session03Excercise02", "Session03Excercise02.csproj", "{6FA1B03F-CA70-4DD6-8321-911DC845E1CA}"
EndProject
Global
	GlobalSection(SolutionConfigurationPlatforms) = preSolution
		Debug|Any CPU = Debug|Any CPU
		Release|Any CPU = Release|Any CPU
	EndGlobalSection
	GlobalSection(ProjectConfigurationPlatforms) = postSolution
		{6FA1B03F-CA70-4DD6-8321-911DC845E1CA}.Debug|Any CPU.ActiveCfg = Debug|Any CPU
		{6FA1B03F-CA70-4DD6-8321-911DC845E1CA}.Debug|Any CPU.Build.0 = Debug|Any CPU
		{6FA1B03F-CA70-4DD6-8321-911DC845E1CA}.Release|Any CPU.ActiveCfg = Release|Any CPU
		{6FA1B03F-CA70-4DD6-8321-911DC845E1CA}.Release|Any CPU.Build.0 = Release|Any CPU
	EndGlobalSection
	GlobalSection(SolutionProperties) = preSolution
		HideSolutionNode = FALSE
	EndGlobalSection
	GlobalSection(ExtensibilityGlobals) = postSolution
		SolutionGuid = {C01E0DB7-119D-4EF5-BC1A-5AB0BDEF2125}
	EndGlobalSection
EndGlobal
