
Microsoft Visual Studio Solution File, Format Version 12.00
# Visual Studio Version 16
VisualStudioVersion = 16.0.30413.136
MinimumVisualStudioVersion = 10.0.40219.1
Project("{9A19103F-16F7-4668-BE54-9A1E7A4F7556}") = "lek1", "lek1\lek1.csproj", "{134C279F-B093-4904-A75E-187A6FD9C9B9}"
EndProject
Project("{FAE04EC0-301F-11D3-BF4B-00C04F79EFBC}") = "Lek2", "Lek2\Lek2.csproj", "{813E99C8-84AD-4421-938E-82D9E6A10D97}"
EndProject
Global
	GlobalSection(SolutionConfigurationPlatforms) = preSolution
		Debug|Any CPU = Debug|Any CPU
		Release|Any CPU = Release|Any CPU
	EndGlobalSection
	GlobalSection(ProjectConfigurationPlatforms) = postSolution
		{134C279F-B093-4904-A75E-187A6FD9C9B9}.Debug|Any CPU.ActiveCfg = Debug|Any CPU
		{134C279F-B093-4904-A75E-187A6FD9C9B9}.Debug|Any CPU.Build.0 = Debug|Any CPU
		{134C279F-B093-4904-A75E-187A6FD9C9B9}.Release|Any CPU.ActiveCfg = Release|Any CPU
		{134C279F-B093-4904-A75E-187A6FD9C9B9}.Release|Any CPU.Build.0 = Release|Any CPU
		{813E99C8-84AD-4421-938E-82D9E6A10D97}.Debug|Any CPU.ActiveCfg = Debug|Any CPU
		{813E99C8-84AD-4421-938E-82D9E6A10D97}.Debug|Any CPU.Build.0 = Debug|Any CPU
		{813E99C8-84AD-4421-938E-82D9E6A10D97}.Release|Any CPU.ActiveCfg = Release|Any CPU
		{813E99C8-84AD-4421-938E-82D9E6A10D97}.Release|Any CPU.Build.0 = Release|Any CPU
	EndGlobalSection
	GlobalSection(SolutionProperties) = preSolution
		HideSolutionNode = FALSE
	EndGlobalSection
	GlobalSection(ExtensibilityGlobals) = postSolution
		SolutionGuid = {5E77E477-95D0-4CE5-B67D-9AC51787EC10}
	EndGlobalSection
EndGlobal
