
Microsoft Visual Studio Solution File, Format Version 12.00
# Visual Studio Version 16
VisualStudioVersion = 16.0.30413.136
MinimumVisualStudioVersion = 10.0.40219.1
Project("{9A19103F-16F7-4668-BE54-9A1E7A4F7556}") = "Session02Exercise01", "Session02Exercise01\Session02Exercise01.csproj", "{F7CC7696-115A-4241-B143-120AB0A3F60B}"
EndProject
Project("{FAE04EC0-301F-11D3-BF4B-00C04F79EFBC}") = "Session02Exercise02", "Session02Exercise02\Session02Exercise02.csproj", "{F87226E1-856F-4A22-B01A-15C9C2C1B179}"
EndProject
Project("{FAE04EC0-301F-11D3-BF4B-00C04F79EFBC}") = "Solution02Example04", "Solution02Example04\Solution02Example04.csproj", "{C1FA6E96-F933-45BC-BC22-6BE7ABE72636}"
EndProject
Project("{FAE04EC0-301F-11D3-BF4B-00C04F79EFBC}") = "Solution02Example05", "Solution02Example05\Solution02Example05.csproj", "{6B150AC3-1C40-4CBA-94DB-F0D6EF27D410}"
EndProject
Global
	GlobalSection(SolutionConfigurationPlatforms) = preSolution
		Debug|Any CPU = Debug|Any CPU
		Release|Any CPU = Release|Any CPU
	EndGlobalSection
	GlobalSection(ProjectConfigurationPlatforms) = postSolution
		{F7CC7696-115A-4241-B143-120AB0A3F60B}.Debug|Any CPU.ActiveCfg = Debug|Any CPU
		{F7CC7696-115A-4241-B143-120AB0A3F60B}.Debug|Any CPU.Build.0 = Debug|Any CPU
		{F7CC7696-115A-4241-B143-120AB0A3F60B}.Release|Any CPU.ActiveCfg = Release|Any CPU
		{F7CC7696-115A-4241-B143-120AB0A3F60B}.Release|Any CPU.Build.0 = Release|Any CPU
		{F87226E1-856F-4A22-B01A-15C9C2C1B179}.Debug|Any CPU.ActiveCfg = Debug|Any CPU
		{F87226E1-856F-4A22-B01A-15C9C2C1B179}.Debug|Any CPU.Build.0 = Debug|Any CPU
		{F87226E1-856F-4A22-B01A-15C9C2C1B179}.Release|Any CPU.ActiveCfg = Release|Any CPU
		{F87226E1-856F-4A22-B01A-15C9C2C1B179}.Release|Any CPU.Build.0 = Release|Any CPU
		{C1FA6E96-F933-45BC-BC22-6BE7ABE72636}.Debug|Any CPU.ActiveCfg = Debug|Any CPU
		{C1FA6E96-F933-45BC-BC22-6BE7ABE72636}.Debug|Any CPU.Build.0 = Debug|Any CPU
		{C1FA6E96-F933-45BC-BC22-6BE7ABE72636}.Release|Any CPU.ActiveCfg = Release|Any CPU
		{C1FA6E96-F933-45BC-BC22-6BE7ABE72636}.Release|Any CPU.Build.0 = Release|Any CPU
		{6B150AC3-1C40-4CBA-94DB-F0D6EF27D410}.Debug|Any CPU.ActiveCfg = Debug|Any CPU
		{6B150AC3-1C40-4CBA-94DB-F0D6EF27D410}.Debug|Any CPU.Build.0 = Debug|Any CPU
		{6B150AC3-1C40-4CBA-94DB-F0D6EF27D410}.Release|Any CPU.ActiveCfg = Release|Any CPU
		{6B150AC3-1C40-4CBA-94DB-F0D6EF27D410}.Release|Any CPU.Build.0 = Release|Any CPU
	EndGlobalSection
	GlobalSection(SolutionProperties) = preSolution
		HideSolutionNode = FALSE
	EndGlobalSection
	GlobalSection(ExtensibilityGlobals) = postSolution
		SolutionGuid = {EF9E92EC-71B2-472F-B2CA-CE53F3040AF9}
	EndGlobalSection
EndGlobal
