
Microsoft Visual Studio Solution File, Format Version 12.00
# Visual Studio Version 16
VisualStudioVersion = 16.0.30413.136
MinimumVisualStudioVersion = 10.0.40219.1
Project("{FAE04EC0-301F-11D3-BF4B-00C04F79EFBC}") = "Session03Exercise02", "Session03Exercise02\Session03Exercise02.csproj", "{F8F25BB2-9822-43C4-899B-8102A0552F7D}"
EndProject
Project("{FAE04EC0-301F-11D3-BF4B-00C04F79EFBC}") = "Session03Numbers", "Session03Numbers\Session03Numbers.csproj", "{DD026B75-D062-4537-988E-204B8C353397}"
EndProject
Global
	GlobalSection(SolutionConfigurationPlatforms) = preSolution
		Debug|Any CPU = Debug|Any CPU
		Release|Any CPU = Release|Any CPU
	EndGlobalSection
	GlobalSection(ProjectConfigurationPlatforms) = postSolution
		{F8F25BB2-9822-43C4-899B-8102A0552F7D}.Debug|Any CPU.ActiveCfg = Debug|Any CPU
		{F8F25BB2-9822-43C4-899B-8102A0552F7D}.Debug|Any CPU.Build.0 = Debug|Any CPU
		{F8F25BB2-9822-43C4-899B-8102A0552F7D}.Release|Any CPU.ActiveCfg = Release|Any CPU
		{F8F25BB2-9822-43C4-899B-8102A0552F7D}.Release|Any CPU.Build.0 = Release|Any CPU
		{DD026B75-D062-4537-988E-204B8C353397}.Debug|Any CPU.ActiveCfg = Debug|Any CPU
		{DD026B75-D062-4537-988E-204B8C353397}.Debug|Any CPU.Build.0 = Debug|Any CPU
		{DD026B75-D062-4537-988E-204B8C353397}.Release|Any CPU.ActiveCfg = Release|Any CPU
		{DD026B75-D062-4537-988E-204B8C353397}.Release|Any CPU.Build.0 = Release|Any CPU
	EndGlobalSection
	GlobalSection(SolutionProperties) = preSolution
		HideSolutionNode = FALSE
	EndGlobalSection
	GlobalSection(ExtensibilityGlobals) = postSolution
		SolutionGuid = {7E1D272D-D7F3-42FC-A017-131D73DC1330}
	EndGlobalSection
EndGlobal
